// !$*UTF8*$!
{
	archiveVersion = 1;
	classes = {
	};
	objectVersion = 46;
	objects = {

/* Begin PBXBuildFile section */
		D0253B631B8D97D2009FCDFA /* main.m in Sources */ = {isa = PBXBuildFile; fileRef = D0253B621B8D97D2009FCDFA /* main.m */; };
		D0253B661B8D97D2009FCDFA /* AppDelegate.m in Sources */ = {isa = PBXBuildFile; fileRef = D0253B651B8D97D2009FCDFA /* AppDelegate.m */; };
		D0253B691B8D97D2009FCDFA /* ViewController.m in Sources */ = {isa = PBXBuildFile; fileRef = D0253B681B8D97D2009FCDFA /* ViewController.m */; };
		D0253B6C1B8D97D2009FCDFA /* Main.storyboard in Resources */ = {isa = PBXBuildFile; fileRef = D0253B6A1B8D97D2009FCDFA /* Main.storyboard */; };
		D0253B6E1B8D97D2009FCDFA /* Images.xcassets in Resources */ = {isa = PBXBuildFile; fileRef = D0253B6D1B8D97D2009FCDFA /* Images.xcassets */; };
		D0253B711B8D97D2009FCDFA /* LaunchScreen.xib in Resources */ = {isa = PBXBuildFile; fileRef = D0253B6F1B8D97D2009FCDFA /* LaunchScreen.xib */; };
		D0253B7D1B8D97D3009FCDFA /* XSCountDownTests.m in Sources */ = {isa = PBXBuildFile; fileRef = D0253B7C1B8D97D3009FCDFA /* XSCountDownTests.m */; };
		D0253B891B8D981D009FCDFA /* XSCountDownButton.m in Sources */ = {isa = PBXBuildFile; fileRef = D0253B881B8D981D009FCDFA /* XSCountDownButton.m */; };
/* End PBXBuildFile section */

/* Begin PBXContainerItemProxy section */
		D0253B771B8D97D3009FCDFA /* PBXContainerItemProxy */ = {
			isa = PBXContainerItemProxy;
			containerPortal = D0253B551B8D97D2009FCDFA /* Project object */;
			proxyType = 1;
			remoteGlobalIDString = D0253B5C1B8D97D2009FCDFA;
			remoteInfo = XSCountDown;
		};
/* End PBXContainerItemProxy section */

/* Begin PBXFileReference section */
		D0253B5D1B8D97D2009FCDFA /* XSCountDown.app */ = {isa = PBXFileReference; explicitFileType = wrapper.application; includeInIndex = 0; path = XSCountDown.app; sourceTree = BUILT_PRODUCTS_DIR; };
		D0253B611B8D97D2009FCDFA /* Info.plist */ = {isa = PBXFileReference; lastKnownFileType = text.plist.xml; path = Info.plist; sourceTree = "<group>"; };
		D0253B621B8D97D2009FCDFA /* main.m */ = {isa = PBXFileReference; lastKnownFileType = sourcecode.c.objc; path = main.m; sourceTree = "<group>"; };
		D0253B641B8D97D2009FCDFA /* AppDelegate.h */ = {isa = PBXFileReference; lastKnownFileType = sourcecode.c.h; path = AppDelegate.h; sourceTree = "<group>"; };
		D0253B651B8D97D2009FCDFA /* AppDelegate.m */ = {isa = PBXFileReference; lastKnownFileType = sourcecode.c.objc; path = AppDelegate.m; sourceTree = "<group>"; };
		D0253B671B8D97D2009FCDFA /* ViewController.h */ = {isa = PBXFileReference; lastKnownFileType = sourcecode.c.h; path = ViewController.h; sourceTree = "<group>"; };
		D0253B681B8D97D2009FCDFA /* ViewController.m */ = {isa = PBXFileReference; lastKnownFileType = sourcecode.c.objc; path = ViewController.m; sourceTree = "<group>"; };
		D0253B6B1B8D97D2009FCDFA /* Base */ = {isa = PBXFileReference; lastKnownFileType = file.storyboard; name = Base; path = Base.lproj/Main.storyboard; sourceTree = "<group>"; };
		D0253B6D1B8D97D2009FCDFA /* Images.xcassets */ = {isa = PBXFileReference; lastKnownFileType = folder.assetcatalog; path = Images.xcassets; sourceTree = "<group>"; };
		D0253B701B8D97D2009FCDFA /* Base */ = {isa = PBXFileReference; lastKnownFileType = file.xib; name = Base; path = Base.lproj/LaunchScreen.xib; sourceTree = "<group>"; };
		D0253B761B8D97D3009FCDFA /* XSCountDownTests.xctest */ = {isa = PBXFileReference; explicitFileType = wrapper.cfbundle; includeInIndex = 0; path = XSCountDownTests.xctest; sourceTree = BUILT_PRODUCTS_DIR; };
		D0253B7B1B8D97D3009FCDFA /* Info.plist */ = {isa = PBXFileReference; lastKnownFileType = text.plist.xml; path = Info.plist; sourceTree = "<group>"; };
		D0253B7C1B8D97D3009FCDFA /* XSCountDownTests.m */ = {isa = PBXFileReference; lastKnownFileType = sourcecode.c.objc; path = XSCountDownTests.m; sourceTree = "<group>"; };
		D0253B871B8D981D009FCDFA /* XSCountDownButton.h */ = {isa = PBXFileReference; fileEncoding = 4; lastKnownFileType = sourcecode.c.h; path = XSCountDownButton.h; sourceTree = "<group>"; };
		D0253B881B8D981D009FCDFA /* XSCountDownButton.m */ = {isa = PBXFileReference; fileEncoding = 4; lastKnownFileType = sourcecode.c.objc; path = XSCountDownButton.m; sourceTree = "<group>"; };
/* End PBXFileReference section */

/* Begin PBXFrameworksBuildPhase section */
		D0253B5A1B8D97D2009FCDFA /* Frameworks */ = {
			isa = PBXFrameworksBuildPhase;
			buildActionMask = 2147483647;
			files = (
			);
			runOnlyForDeploymentPostprocessing = 0;
		};
		D0253B731B8D97D3009FCDFA /* Frameworks */ = {
			isa = PBXFrameworksBuildPhase;
			buildActionMask = 2147483647;
			files = (
			);
			runOnlyForDeploymentPostprocessing = 0;
		};
/* End PBXFrameworksBuildPhase section */

/* Begin PBXGroup section */
		D0253B541B8D97D2009FCDFA = {
			isa = PBXGroup;
			children = (
				D0253B5F1B8D97D2009FCDFA /* XSCountDown */,
				D0253B791B8D97D3009FCDFA /* XSCountDownTests */,
				D0253B5E1B8D97D2009FCDFA /* Products */,
			);
			sourceTree = "<group>";
		};
		D0253B5E1B8D97D2009FCDFA /* Products */ = {
			isa = PBXGroup;
			children = (
				D0253B5D1B8D97D2009FCDFA /* XSCountDown.app */,
				D0253B761B8D97D3009FCDFA /* XSCountDownTests.xctest */,
			);
			name = Products;
			sourceTree = "<group>";
		};
		D0253B5F1B8D97D2009FCDFA /* XSCountDown */ = {
			isa = PBXGroup;
			children = (
				D0253B861B8D97FC009FCDFA /* XSCountDownClass */,
				D0253B641B8D97D2009FCDFA /* AppDelegate.h */,
				D0253B651B8D97D2009FCDFA /* AppDelegate.m */,
				D0253B671B8D97D2009FCDFA /* ViewController.h */,
				D0253B681B8D97D2009FCDFA /* ViewController.m */,
				D0253B6A1B8D97D2009FCDFA /* Main.storyboard */,
				D0253B6D1B8D97D2009FCDFA /* Images.xcassets */,
				D0253B6F1B8D97D2009FCDFA /* LaunchScreen.xib */,
				D0253B601B8D97D2009FCDFA /* Supporting Files */,
			);
			path = XSCountDown;
			sourceTree = "<group>";
		};
		D0253B601B8D97D2009FCDFA /* Supporting Files */ = {
			isa = PBXGroup;
			children = (
				D0253B611B8D97D2009FCDFA /* Info.plist */,
				D0253B621B8D97D2009FCDFA /* main.m */,
			);
			name = "Supporting Files";
			sourceTree = "<group>";
		};
		D0253B791B8D97D3009FCDFA /* XSCountDownTests */ = {
			isa = PBXGroup;
			children = (
				D0253B7C1B8D97D3009FCDFA /* XSCountDownTests.m */,
				D0253B7A1B8D97D3009FCDFA /* Supporting Files */,
			);
			path = XSCountDownTests;
			sourceTree = "<group>";
		};
		D0253B7A1B8D97D3009FCDFA /* Supporting Files */ = {
			isa = PBXGroup;
			children = (
				D0253B7B1B8D97D3009FCDFA /* Info.plist */,
			);
			name = "Supporting Files";
			sourceTree = "<group>";
		};
		D0253B861B8D97FC009FCDFA /* XSCountDownClass */ = {
			isa = PBXGroup;
			children = (
				D0253B871B8D981D009FCDFA /* XSCountDownButton.h */,
				D0253B881B8D981D009FCDFA /* XSCountDownButton.m */,
			);
			path = XSCountDownClass;
			sourceTree = "<group>";
		};
/* End PBXGroup section */

/* Begin PBXNativeTarget section */
		D0253B5C1B8D97D2009FCDFA /* XSCountDown */ = {
			isa = PBXNativeTarget;
			buildConfigurationList = D0253B801B8D97D3009FCDFA /* Build configuration list for PBXNativeTarget "XSCountDown" */;
			buildPhases = (
				D0253B591B8D97D2009FCDFA /* Sources */,
				D0253B5A1B8D97D2009FCDFA /* Frameworks */,
				D0253B5B1B8D97D2009FCDFA /* Resources */,
			);
			buildRules = (
			);
			dependencies = (
			);
			name = XSCountDown;
			productName = XSCountDown;
			productReference = D0253B5D1B8D97D2009FCDFA /* XSCountDown.app */;
			productType = "com.apple.product-type.application";
		};
		D0253B751B8D97D3009FCDFA /* XSCountDownTests */ = {
			isa = PBXNativeTarget;
			buildConfigurationList = D0253B831B8D97D3009FCDFA /* Build configuration list for PBXNativeTarget "XSCountDownTests" */;
			buildPhases = (
				D0253B721B8D97D3009FCDFA /* Sources */,
				D0253B731B8D97D3009FCDFA /* Frameworks */,
				D0253B741B8D97D3009FCDFA /* Resources */,
			);
			buildRules = (
			);
			dependencies = (
				D0253B781B8D97D3009FCDFA /* PBXTargetDependency */,
			);
			name = XSCountDownTests;
			productName = XSCountDownTests;
			productReference = D0253B761B8D97D3009FCDFA /* XSCountDownTests.xctest */;
			productType = "com.apple.product-type.bundle.unit-test";
		};
/* End PBXNativeTarget section */

/* Begin PBXProject section */
		D0253B551B8D97D2009FCDFA /* Project object */ = {
			isa = PBXProject;
			attributes = {
				LastUpgradeCheck = 0640;
				ORGANIZATIONNAME = jcliuzl;
				TargetAttributes = {
					D0253B5C1B8D97D2009FCDFA = {
						CreatedOnToolsVersion = 6.4;
					};
					D0253B751B8D97D3009FCDFA = {
						CreatedOnToolsVersion = 6.4;
						TestTargetID = D0253B5C1B8D97D2009FCDFA;
					};
				};
			};
			buildConfigurationList = D0253B581B8D97D2009FCDFA /* Build configuration list for PBXProject "XSCountDown" */;
			compatibilityVersion = "Xcode 3.2";
			developmentRegion = English;
			hasScannedForEncodings = 0;
			knownRegions = (
				en,
				Base,
			);
			mainGroup = D0253B541B8D97D2009FCDFA;
			productRefGroup = D0253B5E1B8D97D2009FCDFA /* Products */;
			projectDirPath = "";
			projectRoot = "";
			targets = (
				D0253B5C1B8D97D2009FCDFA /* XSCountDown */,
				D0253B751B8D97D3009FCDFA /* XSCountDownTests */,
			);
		};
/* End PBXProject section */

/* Begin PBXResourcesBuildPhase section */
		D0253B5B1B8D97D2009FCDFA /* Resources */ = {
			isa = PBXResourcesBuildPhase;
			buildActionMask = 2147483647;
			files = (
				D0253B6C1B8D97D2009FCDFA /* Main.storyboard in Resources */,
				D0253B711B8D97D2009FCDFA /* LaunchScreen.xib in Resources */,
				D0253B6E1B8D97D2009FCDFA /* Images.xcassets in Resources */,
			);
			runOnlyForDeploymentPostprocessing = 0;
		};
		D0253B741B8D97D3009FCDFA /* Resources */ = {
			isa = PBXResourcesBuildPhase;
			buildActionMask = 2147483647;
			files = (
			);
			runOnlyForDeploymentPostprocessing = 0;
		};
/* End PBXResourcesBuildPhase section */

/* Begin PBXSourcesBuildPhase section */
		D0253B591B8D97D2009FCDFA /* Sources */ = {
			isa = PBXSourcesBuildPhase;
			buildActionMask = 2147483647;
			files = (
				D0253B691B8D97D2009FCDFA /* ViewController.m in Sources */,
				D0253B661B8D97D2009FCDFA /* AppDelegate.m in Sources */,
				D0253B891B8D981D009FCDFA /* XSCountDownButton.m in Sources */,
				D0253B631B8D97D2009FCDFA /* main.m in Sources */,
			);
			runOnlyForDeploymentPostprocessing = 0;
		};
		D0253B721B8D97D3009FCDFA /* Sources */ = {
			isa = PBXSourcesBuildPhase;
			buildActionMask = 2147483647;
			files = (
				D0253B7D1B8D97D3009FCDFA /* XSCountDownTests.m in Sources */,
			);
			runOnlyForDeploymentPostprocessing = 0;
		};
/* End PBXSourcesBuildPhase section */

/* Begin PBXTargetDependency section */
		D0253B781B8D97D3009FCDFA /* PBXTargetDependency */ = {
			isa = PBXTargetDependency;
			target = D0253B5C1B8D97D2009FCDFA /* XSCountDown */;
			targetProxy = D0253B771B8D97D3009FCDFA /* PBXContainerItemProxy */;
		};
/* End PBXTargetDependency section */

/* Begin PBXVariantGroup section */
		D0253B6A1B8D97D2009FCDFA /* Main.storyboard */ = {
			isa = PBXVariantGroup;
			children = (
				D0253B6B1B8D97D2009FCDFA /* Base */,
			);
			name = Main.storyboard;
			sourceTree = "<group>";
		};
		D0253B6F1B8D97D2009FCDFA /* LaunchScreen.xib */ = {
			isa = PBXVariantGroup;
			children = (
				D0253B701B8D97D2009FCDFA /* Base */,
			);
			name = LaunchScreen.xib;
			sourceTree = "<group>";
		};
/* End PBXVariantGroup section */

/* Begin XCBuildConfiguration section */
		D0253B7E1B8D97D3009FCDFA /* Debug */ = {
			isa = XCBuildConfiguration;
			buildSettings = {
				ALWAYS_SEARCH_USER_PATHS = NO;
				CLANG_CXX_LANGUAGE_STANDARD = "gnu++0x";
				CLANG_CXX_LIBRARY = "libc++";
				CLANG_ENABLE_MODULES = YES;
				CLANG_ENABLE_OBJC_ARC = YES;
				CLANG_WARN_BOOL_CONVERSION = YES;
				CLANG_WARN_CONSTANT_CONVERSION = YES;
				CLANG_WARN_DIRECT_OBJC_ISA_USAGE = YES_ERROR;
				CLANG_WARN_EMPTY_BODY = YES;
				CLANG_WARN_ENUM_CONVERSION = YES;
				CLANG_WARN_INT_CONVERSION = YES;
				CLANG_WARN_OBJC_ROOT_CLASS = YES_ERROR;
				CLANG_WARN_UNREACHABLE_CODE = YES;
				CLANG_WARN__DUPLICATE_METHOD_MATCH = YES;
				"CODE_SIGN_IDENTITY[sdk=iphoneos*]" = "iPhone Developer";
				COPY_PHASE_STRIP = NO;
				DEBUG_INFORMATION_FORMAT = "dwarf-with-dsym";
				ENABLE_STRICT_OBJC_MSGSEND = YES;
				GCC_C_LANGUAGE_STANDARD = gnu99;
				GCC_DYNAMIC_NO_PIC = NO;
				GCC_NO_COMMON_BLOCKS = YES;
				GCC_OPTIMIZATION_LEVEL = 0;
				GCC_PREPROCESSOR_DEFINITIONS = (
					"DEBUG=1",
					"$(inherited)",
				);
				GCC_SYMBOLS_PRIVATE_EXTERN = NO;
				GCC_WARN_64_TO_32_BIT_CONVERSION = YES;
				GCC_WARN_ABOUT_RETURN_TYPE = YES_ERROR;
				GCC_WARN_UNDECLARED_SELECTOR = YES;
				GCC_WARN_UNINITIALIZED_AUTOS = YES_AGGRESSIVE;
				GCC_WARN_UNUSED_FUNCTION = YES;
				GCC_WARN_UNUSED_VARIABLE = YES;
				IPHONEOS_DEPLOYMENT_TARGET = 8.4;
				MTL_ENABLE_DEBUG_INFO = YES;
				ONLY_ACTIVE_ARCH = YES;
				SDKROOT = iphoneos;
			};
			name = Debug;
		};
		D0253B7F1B8D97D3009FCDFA /* Release */ = {
			isa = XCBuildConfiguration;
			buildSettings = {
				ALWAYS_SEARCH_USER_PATHS = NO;
				CLANG_CXX_LANGUAGE_STANDARD = "gnu++0x";
				CLANG_CXX_LIBRARY = "libc++";
				CLANG_ENABLE_MODULES = YES;
				CLANG_ENABLE_OBJC_ARC = YES;
				CLANG_WARN_BOOL_CONVERSION = YES;
				CLANG_WARN_CONSTANT_CONVERSION = YES;
				CLANG_WARN_DIRECT_OBJC_ISA_USAGE = YES_ERROR;
				CLANG_WARN_EMPTY_BODY = YES;
				CLANG_WARN_ENUM_CONVERSION = YES;
				CLANG_WARN_INT_CONVERSION = YES;
				CLANG_WARN_OBJC_ROOT_CLASS = YES_ERROR;
				CLANG_WARN_UNREACHABLE_CODE = YES;
				CLANG_WARN__DUPLICATE_METHOD_MATCH = YES;
				"CODE_SIGN_IDENTITY[sdk=iphoneos*]" = "iPhone Developer";
				COPY_PHASE_STRIP = NO;
				DEBUG_INFORMATION_FORMAT = "dwarf-with-dsym";
				ENABLE_NS_ASSERTIONS = NO;
				ENABLE_STRICT_OBJC_MSGSEND = YES;
				GCC_C_LANGUAGE_STANDARD = gnu99;
				GCC_NO_COMMON_BLOCKS = YES;
				GCC_WARN_64_TO_32_BIT_CONVERSION = YES;
				GCC_WARN_ABOUT_RETURN_TYPE = YES_ERROR;
				GCC_WARN_UNDECLARED_SELECTOR = YES;
				GCC_WARN_UNINITIALIZED_AUTOS = YES_AGGRESSIVE;
				GCC_WARN_UNUSED_FUNCTION = YES;
				GCC_WARN_UNUSED_VARIABLE = YES;
				IPHONEOS_DEPLOYMENT_TARGET = 8.4;
				MTL_ENABLE_DEBUG_INFO = NO;
				SDKROOT = iphoneos;
				VALIDATE_PRODUCT = YES;
			};
			name = Release;
		};
		D0253B811B8D97D3009FCDFA /* Debug */ = {
			isa = XCBuildConfiguration;
			buildSettings = {
				ASSETCATALOG_COMPILER_APPICON_NAME = AppIcon;
				INFOPLIST_FILE = XSCountDown/Info.plist;
				LD_RUNPATH_SEARCH_PATHS = "$(inherited) @executable_path/Frameworks";
				PRODUCT_NAME = "$(TARGET_NAME)";
			};
			name = Debug;
		};
		D0253B821B8D97D3009FCDFA /* Release */ = {
			isa = XCBuildConfiguration;
			buildSettings = {
				ASSETCATALOG_COMPILER_APPICON_NAME = AppIcon;
				INFOPLIST_FILE = XSCountDown/Info.plist;
				LD_RUNPATH_SEARCH_PATHS = "$(inherited) @executable_path/Frameworks";
				PRODUCT_NAME = "$(TARGET_NAME)";
			};
			name = Release;
		};
		D0253B841B8D97D3009FCDFA /* Debug */ = {
			isa = XCBuildConfiguration;
			buildSettings = {
				BUNDLE_LOADER = "$(TEST_HOST)";
				FRAMEWORK_SEARCH_PATHS = (
					"$(SDKROOT)/Developer/Library/Frameworks",
					"$(inherited)",
				);
				GCC_PREPROCESSOR_DEFINITIONS = (
					"DEBUG=1",
					"$(inherited)",
				);
				INFOPLIST_FILE = XSCountDownTests/Info.plist;
				LD_RUNPATH_SEARCH_PATHS = "$(inherited) @executable_path/Frameworks @loader_path/Frameworks";
				PRODUCT_NAME = "$(TARGET_NAME)";
				TEST_HOST = "$(BUILT_PRODUCTS_DIR)/XSCountDown.app/XSCountDown";
			};
			name = Debug;
		};
		D0253B851B8D97D3009FCDFA /* Release */ = {
			isa = XCBuildConfiguration;
			buildSettings = {
				BUNDLE_LOADER = "$(TEST_HOST)";
				FRAMEWORK_SEARCH_PATHS = (
					"$(SDKROOT)/Developer/Library/Frameworks",
					"$(inherited)",
				);
				INFOPLIST_FILE = XSCountDownTests/Info.plist;
				LD_RUNPATH_SEARCH_PATHS = "$(inherited) @executable_path/Frameworks @loader_path/Frameworks";
				PRODUCT_NAME = "$(TARGET_NAME)";
				TEST_HOST = "$(BUILT_PRODUCTS_DIR)/XSCountDown.app/XSCountDown";
			};
			name = Release;
		};
/* End XCBuildConfiguration section */

/* Begin XCConfigurationList section */
		D0253B581B8D97D2009FCDFA /* Build configuration list for PBXProject "XSCountDown" */ = {
			isa = XCConfigurationList;
			buildConfigurations = (
				D0253B7E1B8D97D3009FCDFA /* Debug */,
				D0253B7F1B8D97D3009FCDFA /* Release */,
			);
			defaultConfigurationIsVisible = 0;
			defaultConfigurationName = Release;
		};
		D0253B801B8D97D3009FCDFA /* Build configuration list for PBXNativeTarget "XSCountDown" */ = {
			isa = XCConfigurationList;
			buildConfigurations = (
				D0253B811B8D97D3009FCDFA /* Debug */,
				D0253B821B8D97D3009FCDFA /* Release */,
			);
			defaultConfigurationIsVisible = 0;
		};
		D0253B831B8D97D3009FCDFA /* Build configuration list for PBXNativeTarget "XSCountDownTests" */ = {
			isa = XCConfigurationList;
			buildConfigurations = (
				D0253B841B8D97D3009FCDFA /* Debug */,
				D0253B851B8D97D3009FCDFA /* Release */,
			);
			defaultConfigurationIsVisible = 0;
		};
/* End XCConfigurationList section */
	};
	rootObject = D0253B551B8D97D2009FCDFA /* Project object */;
}
